PODS:
  - card_sdk (0.0.1):
    - Flutter
  - Flutter (1.0.0)
  - flutter_blue (0.0.1):
    - Flutter
    - flutter_blue/Protos (= 0.0.1)
  - flutter_blue/Protos (0.0.1):
    - Flutter
    - Protobuf (~> 3.11.4)
  - flutter_blue_plus (0.0.1):
    - Flutter
  - FlutterPluginRegistrant (0.0.1):
    - card_sdk
    - Flutter
    - flutter_blue
    - flutter_blue_plus
    - fluttertoast
    - path_provider_foundation
    - permission_handler_apple
    - stripe_ios
  - fluttertoast (0.0.2):
    - Flutter
    - Toast
  - path_provider_foundation (0.0.1):
    - Flutter
    - FlutterMacOS
  - permission_handler_apple (9.1.1):
    - Flutter
  - Protobuf (3.11.4)
  - Stripe (23.16.0):
    - StripeApplePay (= 23.16.0)
    - StripeCore (= 23.16.0)
    - StripePayments (= 23.16.0)
    - StripePaymentsUI (= 23.16.0)
    - StripeUICore (= 23.16.0)
  - stripe_ios (0.0.1):
    - Flutter
    - Stripe (~> 23.16.0)
    - StripeApplePay (~> 23.16.0)
    - StripeFinancialConnections (~> 23.16.0)
    - StripePayments (~> 23.16.0)
    - StripePaymentSheet (~> 23.16.0)
    - StripePaymentsUI (~> 23.16.0)
  - StripeApplePay (23.16.0):
    - StripeCore (= 23.16.0)
  - StripeCore (23.16.0)
  - StripeFinancialConnections (23.16.0):
    - StripeCore (= 23.16.0)
    - StripeUICore (= 23.16.0)
  - StripePayments (23.16.0):
    - StripeCore (= 23.16.0)
    - StripePayments/Stripe3DS2 (= 23.16.0)
  - StripePayments/Stripe3DS2 (23.16.0):
    - StripeCore (= 23.16.0)
  - StripePaymentSheet (23.16.0):
    - StripeApplePay (= 23.16.0)
    - StripeCore (= 23.16.0)
    - StripePayments (= 23.16.0)
    - StripePaymentsUI (= 23.16.0)
  - StripePaymentsUI (23.16.0):
    - StripeCore (= 23.16.0)
    - StripePayments (= 23.16.0)
    - StripeUICore (= 23.16.0)
  - StripeUICore (23.16.0):
    - StripeCore (= 23.16.0)
  - Toast (4.0.0)

DEPENDENCIES:
  - card_sdk (from `.symlinks/plugins/card_sdk/ios`)
  - Flutter (from `Flutter`)
  - flutter_blue (from `.symlinks/plugins/flutter_blue/ios`)
  - flutter_blue_plus (from `.symlinks/plugins/flutter_blue_plus/ios`)
  - FlutterPluginRegistrant (from `Flutter/FlutterPluginRegistrant`)
  - fluttertoast (from `.symlinks/plugins/fluttertoast/ios`)
  - path_provider_foundation (from `.symlinks/plugins/path_provider_foundation/darwin`)
  - permission_handler_apple (from `.symlinks/plugins/permission_handler_apple/ios`)
  - stripe_ios (from `.symlinks/plugins/stripe_ios/ios`)

SPEC REPOS:
  trunk:
    - Protobuf
    - Stripe
    - StripeApplePay
    - StripeCore
    - StripeFinancialConnections
    - StripePayments
    - StripePaymentSheet
    - StripePaymentsUI
    - StripeUICore
    - Toast

EXTERNAL SOURCES:
  card_sdk:
    :path: ".symlinks/plugins/card_sdk/ios"
  Flutter:
    :path: Flutter
  flutter_blue:
    :path: ".symlinks/plugins/flutter_blue/ios"
  flutter_blue_plus:
    :path: ".symlinks/plugins/flutter_blue_plus/ios"
  FlutterPluginRegistrant:
    :path: Flutter/FlutterPluginRegistrant
  fluttertoast:
    :path: ".symlinks/plugins/fluttertoast/ios"
  path_provider_foundation:
    :path: ".symlinks/plugins/path_provider_foundation/darwin"
  permission_handler_apple:
    :path: ".symlinks/plugins/permission_handler_apple/ios"
  stripe_ios:
    :path: ".symlinks/plugins/stripe_ios/ios"

SPEC CHECKSUMS:
  card_sdk: aa6f5a171063355d6f9e9e20013e55cac877e545
  Flutter: f04841e97a9d0b0a8025694d0796dd46242b2854
  flutter_blue: eeb381dc4727a0954dede73515f683865494b370
  flutter_blue_plus: 4837da7d00cf5d441fdd6635b3a57f936778ea96
  FlutterPluginRegistrant: a6569a8bcbd48c88e404c9aa71cf5d94d6cb4877
  fluttertoast: 31b00dabfa7fb7bacd9e7dbee580d7a2ff4bf265
  path_provider_foundation: 29f094ae23ebbca9d3d0cec13889cd9060c0e943
  permission_handler_apple: e76247795d700c14ea09e3a2d8855d41ee80a2e6
  Protobuf: 176220c526ad8bd09ab1fb40a978eac3fef665f7
  Stripe: fcab417424a45d995aa1e62a39bc942233b61ba3
  stripe_ios: 2b444aaa35682eee30eac8733a9d502c1e925a4a
  StripeApplePay: 81de266a964b3ad02fb25e8b22fd8c235d2916a8
  StripeCore: ac141047bca25f5ae945a1cbdd00a90b0d08c616
  StripeFinancialConnections: d7a452e4bed1195d8978ee4f6c0ba2f82c89fdf4
  StripePayments: 5804cb9b02cca488042e5cf8cf57a86a5080006b
  StripePaymentSheet: 06ea6bbf49be869769c46bf31be4fbc3e23b5b19
  StripePaymentsUI: 24a0349ae8c7e8c7402086703720fe06c52ddea0
  StripeUICore: ce85e040a22bf0335061d14973d37757528b3d2d
  Toast: 91b396c56ee72a5790816f40d3a94dd357abc196

PODFILE CHECKSUM: 48a12d41c9fcb914ab21432376e41f11e00040b6

COCOAPODS: 1.13.0
